
Microsoft Visual Studio Solution File, Format Version 12.00
# Visual Studio 15
VisualStudioVersion = 15.0.27130.2003
MinimumVisualStudioVersion = 10.0.40219.1
Project("{FAE04EC0-301F-11D3-BF4B-00C04F79EFBC}") = "ConsoleDrawing", "ConsoleDrawing\ConsoleDrawing.csproj", "{2CBB1476-E272-4B50-B5F9-BFB85309DA4C}"
EndProject
Project("{FAE04EC0-301F-11D3-BF4B-00C04F79EFBC}") = "ConsoleDrawingLib", "ConsoleDrawingLib\ConsoleDrawingLib.csproj", "{19EC14BE-E02F-4213-AFA8-B3B783B4A198}"
EndProject
Project("{8BC9CEB8-8B4A-11D0-8D11-00A0C91BC942}") = "ConsoleDrawingLibWrapper", "ConsoleDrawingLibWrapper\ConsoleDrawingLibWrapper.vcxproj", "{E2B88EA4-D0FE-49A0-91BB-06BFF54F327F}"
EndProject
Global
	GlobalSection(SolutionConfigurationPlatforms) = preSolution
		Debug|Any CPU = Debug|Any CPU
		Debug|x64 = Debug|x64
		Debug|x86 = Debug|x86
		Release|Any CPU = Release|Any CPU
		Release|x64 = Release|x64
		Release|x86 = Release|x86
	EndGlobalSection
	GlobalSection(ProjectConfigurationPlatforms) = postSolution
		{2CBB1476-E272-4B50-B5F9-BFB85309DA4C}.Debug|Any CPU.ActiveCfg = Debug|Any CPU
		{2CBB1476-E272-4B50-B5F9-BFB85309DA4C}.Debug|Any CPU.Build.0 = Debug|Any CPU
		{2CBB1476-E272-4B50-B5F9-BFB85309DA4C}.Debug|x64.ActiveCfg = Debug|Any CPU
		{2CBB1476-E272-4B50-B5F9-BFB85309DA4C}.Debug|x64.Build.0 = Debug|Any CPU
		{2CBB1476-E272-4B50-B5F9-BFB85309DA4C}.Debug|x86.ActiveCfg = Debug|Any CPU
		{2CBB1476-E272-4B50-B5F9-BFB85309DA4C}.Debug|x86.Build.0 = Debug|Any CPU
		{2CBB1476-E272-4B50-B5F9-BFB85309DA4C}.Release|Any CPU.ActiveCfg = Release|Any CPU
		{2CBB1476-E272-4B50-B5F9-BFB85309DA4C}.Release|Any CPU.Build.0 = Release|Any CPU
		{2CBB1476-E272-4B50-B5F9-BFB85309DA4C}.Release|x64.ActiveCfg = Release|Any CPU
		{2CBB1476-E272-4B50-B5F9-BFB85309DA4C}.Release|x64.Build.0 = Release|Any CPU
		{2CBB1476-E272-4B50-B5F9-BFB85309DA4C}.Release|x86.ActiveCfg = Release|Any CPU
		{2CBB1476-E272-4B50-B5F9-BFB85309DA4C}.Release|x86.Build.0 = Release|Any CPU
		{19EC14BE-E02F-4213-AFA8-B3B783B4A198}.Debug|Any CPU.ActiveCfg = Debug|Any CPU
		{19EC14BE-E02F-4213-AFA8-B3B783B4A198}.Debug|Any CPU.Build.0 = Debug|Any CPU
		{19EC14BE-E02F-4213-AFA8-B3B783B4A198}.Debug|x64.ActiveCfg = Debug|Any CPU
		{19EC14BE-E02F-4213-AFA8-B3B783B4A198}.Debug|x64.Build.0 = Debug|Any CPU
		{19EC14BE-E02F-4213-AFA8-B3B783B4A198}.Debug|x86.ActiveCfg = Debug|Any CPU
		{19EC14BE-E02F-4213-AFA8-B3B783B4A198}.Debug|x86.Build.0 = Debug|Any CPU
		{19EC14BE-E02F-4213-AFA8-B3B783B4A198}.Release|Any CPU.ActiveCfg = Release|Any CPU
		{19EC14BE-E02F-4213-AFA8-B3B783B4A198}.Release|Any CPU.Build.0 = Release|Any CPU
		{19EC14BE-E02F-4213-AFA8-B3B783B4A198}.Release|x64.ActiveCfg = Release|Any CPU
		{19EC14BE-E02F-4213-AFA8-B3B783B4A198}.Release|x64.Build.0 = Release|Any CPU
		{19EC14BE-E02F-4213-AFA8-B3B783B4A198}.Release|x86.ActiveCfg = Release|Any CPU
		{19EC14BE-E02F-4213-AFA8-B3B783B4A198}.Release|x86.Build.0 = Release|Any CPU
		{E2B88EA4-D0FE-49A0-91BB-06BFF54F327F}.Debug|Any CPU.ActiveCfg = Debug|Win32
		{E2B88EA4-D0FE-49A0-91BB-06BFF54F327F}.Debug|x64.ActiveCfg = Debug|x64
		{E2B88EA4-D0FE-49A0-91BB-06BFF54F327F}.Debug|x64.Build.0 = Debug|x64
		{E2B88EA4-D0FE-49A0-91BB-06BFF54F327F}.Debug|x86.ActiveCfg = Debug|Win32
		{E2B88EA4-D0FE-49A0-91BB-06BFF54F327F}.Debug|x86.Build.0 = Debug|Win32
		{E2B88EA4-D0FE-49A0-91BB-06BFF54F327F}.Release|Any CPU.ActiveCfg = Release|Win32
		{E2B88EA4-D0FE-49A0-91BB-06BFF54F327F}.Release|x64.ActiveCfg = Release|x64
		{E2B88EA4-D0FE-49A0-91BB-06BFF54F327F}.Release|x64.Build.0 = Release|x64
		{E2B88EA4-D0FE-49A0-91BB-06BFF54F327F}.Release|x86.ActiveCfg = Release|Win32
		{E2B88EA4-D0FE-49A0-91BB-06BFF54F327F}.Release|x86.Build.0 = Release|Win32
	EndGlobalSection
	GlobalSection(SolutionProperties) = preSolution
		HideSolutionNode = FALSE
	EndGlobalSection
	GlobalSection(ExtensibilityGlobals) = postSolution
		SolutionGuid = {1BC68DC6-C667-4D97-A523-1D062A7ACEC3}
	EndGlobalSection
EndGlobal
